
Microsoft Visual Studio Solution File, Format Version 12.00
# Visual Studio 14
VisualStudioVersion = 14.0.23107.0
MinimumVisualStudioVersion = 10.0.40219.1
Project("{FAE04EC0-301F-11D3-BF4B-00C04F79EFBC}") = "GrasdalGlass", "GrasdalGlass\GrasdalGlass.csproj", "{5F4F44E2-3276-4882-ADF6-DF44F14AF90F}"
EndProject
Project("{2150E333-8FDC-42A3-9474-1A3956D46DE8}") = "PublishScripts", "PublishScripts", "{5E14C277-8D43-40E8-827A-9457FB6CEE34}"
	ProjectSection(SolutionItems) = preProject
		PublishScripts\AzureVMPublishModule.psm1 = PublishScripts\AzureVMPublishModule.psm1
		PublishScripts\Publish-WebApplicationVM.ps1 = PublishScripts\Publish-WebApplicationVM.ps1
	EndProjectSection
EndProject
Project("{2150E333-8FDC-42A3-9474-1A3956D46DE8}") = "Configurations", "Configurations", "{87057FA2-7E44-49F8-A18D-FFB2E0B8A376}"
	ProjectSection(SolutionItems) = preProject
		PublishScripts\Configurations\GrasdalGlass-WAWS-dev.json = PublishScripts\Configurations\GrasdalGlass-WAWS-dev.json
	EndProjectSection
EndProject
Global
	GlobalSection(SolutionConfigurationPlatforms) = preSolution
		Debug|Any CPU = Debug|Any CPU
		Release|Any CPU = Release|Any CPU
	EndGlobalSection
	GlobalSection(ProjectConfigurationPlatforms) = postSolution
		{5F4F44E2-3276-4882-ADF6-DF44F14AF90F}.Debug|Any CPU.ActiveCfg = Debug|Any CPU
		{5F4F44E2-3276-4882-ADF6-DF44F14AF90F}.Debug|Any CPU.Build.0 = Debug|Any CPU
		{5F4F44E2-3276-4882-ADF6-DF44F14AF90F}.Release|Any CPU.ActiveCfg = Release|Any CPU
		{5F4F44E2-3276-4882-ADF6-DF44F14AF90F}.Release|Any CPU.Build.0 = Release|Any CPU
	EndGlobalSection
	GlobalSection(SolutionProperties) = preSolution
		HideSolutionNode = FALSE
	EndGlobalSection
	GlobalSection(NestedProjects) = preSolution
		{87057FA2-7E44-49F8-A18D-FFB2E0B8A376} = {5E14C277-8D43-40E8-827A-9457FB6CEE34}
	EndGlobalSection
EndGlobal
